
Microsoft Visual Studio Solution File, Format Version 12.00
# Visual Studio Version 17
VisualStudioVersion = 17.4.33103.184
MinimumVisualStudioVersion = 10.0.40219.1
Project("{9A19103F-16F7-4668-BE54-9A1E7A4F7556}") = "test20feb", "test20feb\test20feb.csproj", "{E191C351-DBDD-4E88-B193-D2FD17E1AAAB}"
EndProject
Global
	GlobalSection(SolutionConfigurationPlatforms) = preSolution
		Debug|Any CPU = Debug|Any CPU
		Release|Any CPU = Release|Any CPU
	EndGlobalSection
	GlobalSection(ProjectConfigurationPlatforms) = postSolution
		{E191C351-DBDD-4E88-B193-D2FD17E1AAAB}.Debug|Any CPU.ActiveCfg = Debug|Any CPU
		{E191C351-DBDD-4E88-B193-D2FD17E1AAAB}.Debug|Any CPU.Build.0 = Debug|Any CPU
		{E191C351-DBDD-4E88-B193-D2FD17E1AAAB}.Release|Any CPU.ActiveCfg = Release|Any CPU
		{E191C351-DBDD-4E88-B193-D2FD17E1AAAB}.Release|Any CPU.Build.0 = Release|Any CPU
		{B2BC901E-4AFD-4412-B074-E5A2276642CE}.Debug|Any CPU.ActiveCfg = Debug|Any CPU
		{B2BC901E-4AFD-4412-B074-E5A2276642CE}.Debug|Any CPU.Build.0 = Debug|Any CPU
		{B2BC901E-4AFD-4412-B074-E5A2276642CE}.Release|Any CPU.ActiveCfg = Release|Any CPU
		{B2BC901E-4AFD-4412-B074-E5A2276642CE}.Release|Any CPU.Build.0 = Release|Any CPU
	EndGlobalSection
	GlobalSection(SolutionProperties) = preSolution
		HideSolutionNode = FALSE
	EndGlobalSection
	GlobalSection(ExtensibilityGlobals) = postSolution
		SolutionGuid = {45730394-378D-4B50-907C-31155D4083E5}
	EndGlobalSection
EndGlobal
